
Microsoft Visual Studio Solution File, Format Version 12.00
# Visual Studio 14
VisualStudioVersion = 14.0.25420.1
MinimumVisualStudioVersion = 10.0.40219.1
Project("{FAE04EC0-301F-11D3-BF4B-00C04F79EFBC}") = "ConsoleApp", "ConsoleApp\ConsoleApp.csproj", "{F3397A69-C89A-4ECF-AA12-8EEEB5719755}"
EndProject
Project("{FAE04EC0-301F-11D3-BF4B-00C04F79EFBC}") = "Contracts", "Contracts\Contracts.csproj", "{0727CEE0-DDBE-424D-A4A7-57A60DC98B63}"
EndProject
Project("{FAE04EC0-301F-11D3-BF4B-00C04F79EFBC}") = "Implementations", "Implementations\Implementations.csproj", "{7587651A-237A-45AA-991A-C1E31E60EA4D}"
EndProject
Project("{FAE04EC0-301F-11D3-BF4B-00C04F79EFBC}") = "Model", "Model\Model.csproj", "{13B5C73E-DC65-43D9-B5AB-1C4506BB0B26}"
EndProject
Global
	GlobalSection(SolutionConfigurationPlatforms) = preSolution
		Debug|Any CPU = Debug|Any CPU
		Release|Any CPU = Release|Any CPU
	EndGlobalSection
	GlobalSection(ProjectConfigurationPlatforms) = postSolution
		{F3397A69-C89A-4ECF-AA12-8EEEB5719755}.Debug|Any CPU.ActiveCfg = Debug|Any CPU
		{F3397A69-C89A-4ECF-AA12-8EEEB5719755}.Debug|Any CPU.Build.0 = Debug|Any CPU
		{F3397A69-C89A-4ECF-AA12-8EEEB5719755}.Release|Any CPU.ActiveCfg = Release|Any CPU
		{F3397A69-C89A-4ECF-AA12-8EEEB5719755}.Release|Any CPU.Build.0 = Release|Any CPU
		{0727CEE0-DDBE-424D-A4A7-57A60DC98B63}.Debug|Any CPU.ActiveCfg = Debug|Any CPU
		{0727CEE0-DDBE-424D-A4A7-57A60DC98B63}.Debug|Any CPU.Build.0 = Debug|Any CPU
		{0727CEE0-DDBE-424D-A4A7-57A60DC98B63}.Release|Any CPU.ActiveCfg = Release|Any CPU
		{0727CEE0-DDBE-424D-A4A7-57A60DC98B63}.Release|Any CPU.Build.0 = Release|Any CPU
		{7587651A-237A-45AA-991A-C1E31E60EA4D}.Debug|Any CPU.ActiveCfg = Debug|Any CPU
		{7587651A-237A-45AA-991A-C1E31E60EA4D}.Debug|Any CPU.Build.0 = Debug|Any CPU
		{7587651A-237A-45AA-991A-C1E31E60EA4D}.Release|Any CPU.ActiveCfg = Release|Any CPU
		{7587651A-237A-45AA-991A-C1E31E60EA4D}.Release|Any CPU.Build.0 = Release|Any CPU
		{13B5C73E-DC65-43D9-B5AB-1C4506BB0B26}.Debug|Any CPU.ActiveCfg = Debug|Any CPU
		{13B5C73E-DC65-43D9-B5AB-1C4506BB0B26}.Debug|Any CPU.Build.0 = Debug|Any CPU
		{13B5C73E-DC65-43D9-B5AB-1C4506BB0B26}.Release|Any CPU.ActiveCfg = Release|Any CPU
		{13B5C73E-DC65-43D9-B5AB-1C4506BB0B26}.Release|Any CPU.Build.0 = Release|Any CPU
	EndGlobalSection
	GlobalSection(SolutionProperties) = preSolution
		HideSolutionNode = FALSE
	EndGlobalSection
EndGlobal
